
Microsoft Visual Studio Solution File, Format Version 12.00
# Visual Studio 14
VisualStudioVersion = 14.0.25123.0
MinimumVisualStudioVersion = 10.0.40219.1
Project("{2150E333-8FDC-42A3-9474-1A3956D46DE8}") = "Solution Items", "Solution Items", "{B0A226D8-0B77-4351-AE5A-77C94AD6D97D}"
	ProjectSection(SolutionItems) = preProject
		LICENSE = LICENSE
		README.md = README.md
	EndProjectSection
EndProject
Project("{FAE04EC0-301F-11D3-BF4B-00C04F79EFBC}") = "TheChan", "TheChan\TheChan.csproj", "{706A275B-75E5-4017-AC03-5BF93F15BBCF}"
EndProject
Project("{FAE04EC0-301F-11D3-BF4B-00C04F79EFBC}") = "MakabaTests", "MakabaTests\MakabaTests.csproj", "{4089B999-662A-4FA3-B740-B0556BFDF023}"
EndProject
Project("{FAE04EC0-301F-11D3-BF4B-00C04F79EFBC}") = "Makaba", "Makaba\Makaba.csproj", "{0B889041-115C-491A-9CBE-E3F9928D0770}"
EndProject
Project("{FAE04EC0-301F-11D3-BF4B-00C04F79EFBC}") = "Core", "Core\Core.csproj", "{569CDD35-BD96-4405-A4A3-3D3D61D16D06}"
EndProject
Global
	GlobalSection(SolutionConfigurationPlatforms) = preSolution
		Debug|Any CPU = Debug|Any CPU
		Debug|ARM = Debug|ARM
		Debug|x64 = Debug|x64
		Debug|x86 = Debug|x86
		Release|Any CPU = Release|Any CPU
		Release|ARM = Release|ARM
		Release|x64 = Release|x64
		Release|x86 = Release|x86
	EndGlobalSection
	GlobalSection(ProjectConfigurationPlatforms) = postSolution
		{706A275B-75E5-4017-AC03-5BF93F15BBCF}.Debug|Any CPU.ActiveCfg = Debug|x86
		{706A275B-75E5-4017-AC03-5BF93F15BBCF}.Debug|ARM.ActiveCfg = Debug|ARM
		{706A275B-75E5-4017-AC03-5BF93F15BBCF}.Debug|ARM.Build.0 = Debug|ARM
		{706A275B-75E5-4017-AC03-5BF93F15BBCF}.Debug|ARM.Deploy.0 = Debug|ARM
		{706A275B-75E5-4017-AC03-5BF93F15BBCF}.Debug|x64.ActiveCfg = Debug|x64
		{706A275B-75E5-4017-AC03-5BF93F15BBCF}.Debug|x64.Build.0 = Debug|x64
		{706A275B-75E5-4017-AC03-5BF93F15BBCF}.Debug|x64.Deploy.0 = Debug|x64
		{706A275B-75E5-4017-AC03-5BF93F15BBCF}.Debug|x86.ActiveCfg = Debug|x86
		{706A275B-75E5-4017-AC03-5BF93F15BBCF}.Debug|x86.Build.0 = Debug|x86
		{706A275B-75E5-4017-AC03-5BF93F15BBCF}.Debug|x86.Deploy.0 = Debug|x86
		{706A275B-75E5-4017-AC03-5BF93F15BBCF}.Release|Any CPU.ActiveCfg = Release|x86
		{706A275B-75E5-4017-AC03-5BF93F15BBCF}.Release|ARM.ActiveCfg = Release|ARM
		{706A275B-75E5-4017-AC03-5BF93F15BBCF}.Release|ARM.Build.0 = Release|ARM
		{706A275B-75E5-4017-AC03-5BF93F15BBCF}.Release|ARM.Deploy.0 = Release|ARM
		{706A275B-75E5-4017-AC03-5BF93F15BBCF}.Release|x64.ActiveCfg = Release|x64
		{706A275B-75E5-4017-AC03-5BF93F15BBCF}.Release|x64.Build.0 = Release|x64
		{706A275B-75E5-4017-AC03-5BF93F15BBCF}.Release|x64.Deploy.0 = Release|x64
		{706A275B-75E5-4017-AC03-5BF93F15BBCF}.Release|x86.ActiveCfg = Release|x86
		{706A275B-75E5-4017-AC03-5BF93F15BBCF}.Release|x86.Build.0 = Release|x86
		{706A275B-75E5-4017-AC03-5BF93F15BBCF}.Release|x86.Deploy.0 = Release|x86
		{4089B999-662A-4FA3-B740-B0556BFDF023}.Debug|Any CPU.ActiveCfg = Debug|x86
		{4089B999-662A-4FA3-B740-B0556BFDF023}.Debug|ARM.ActiveCfg = Debug|ARM
		{4089B999-662A-4FA3-B740-B0556BFDF023}.Debug|ARM.Build.0 = Debug|ARM
		{4089B999-662A-4FA3-B740-B0556BFDF023}.Debug|ARM.Deploy.0 = Debug|ARM
		{4089B999-662A-4FA3-B740-B0556BFDF023}.Debug|x64.ActiveCfg = Debug|x64
		{4089B999-662A-4FA3-B740-B0556BFDF023}.Debug|x64.Build.0 = Debug|x64
		{4089B999-662A-4FA3-B740-B0556BFDF023}.Debug|x64.Deploy.0 = Debug|x64
		{4089B999-662A-4FA3-B740-B0556BFDF023}.Debug|x86.ActiveCfg = Debug|x86
		{4089B999-662A-4FA3-B740-B0556BFDF023}.Debug|x86.Build.0 = Debug|x86
		{4089B999-662A-4FA3-B740-B0556BFDF023}.Debug|x86.Deploy.0 = Debug|x86
		{4089B999-662A-4FA3-B740-B0556BFDF023}.Release|Any CPU.ActiveCfg = Release|x86
		{4089B999-662A-4FA3-B740-B0556BFDF023}.Release|ARM.ActiveCfg = Release|ARM
		{4089B999-662A-4FA3-B740-B0556BFDF023}.Release|ARM.Build.0 = Release|ARM
		{4089B999-662A-4FA3-B740-B0556BFDF023}.Release|ARM.Deploy.0 = Release|ARM
		{4089B999-662A-4FA3-B740-B0556BFDF023}.Release|x64.ActiveCfg = Release|x64
		{4089B999-662A-4FA3-B740-B0556BFDF023}.Release|x64.Build.0 = Release|x64
		{4089B999-662A-4FA3-B740-B0556BFDF023}.Release|x64.Deploy.0 = Release|x64
		{4089B999-662A-4FA3-B740-B0556BFDF023}.Release|x86.ActiveCfg = Release|x86
		{4089B999-662A-4FA3-B740-B0556BFDF023}.Release|x86.Build.0 = Release|x86
		{4089B999-662A-4FA3-B740-B0556BFDF023}.Release|x86.Deploy.0 = Release|x86
		{0B889041-115C-491A-9CBE-E3F9928D0770}.Debug|Any CPU.ActiveCfg = Debug|Any CPU
		{0B889041-115C-491A-9CBE-E3F9928D0770}.Debug|Any CPU.Build.0 = Debug|Any CPU
		{0B889041-115C-491A-9CBE-E3F9928D0770}.Debug|ARM.ActiveCfg = Debug|ARM
		{0B889041-115C-491A-9CBE-E3F9928D0770}.Debug|ARM.Build.0 = Debug|ARM
		{0B889041-115C-491A-9CBE-E3F9928D0770}.Debug|x64.ActiveCfg = Debug|x64
		{0B889041-115C-491A-9CBE-E3F9928D0770}.Debug|x64.Build.0 = Debug|x64
		{0B889041-115C-491A-9CBE-E3F9928D0770}.Debug|x86.ActiveCfg = Debug|x86
		{0B889041-115C-491A-9CBE-E3F9928D0770}.Debug|x86.Build.0 = Debug|x86
		{0B889041-115C-491A-9CBE-E3F9928D0770}.Release|Any CPU.ActiveCfg = Release|Any CPU
		{0B889041-115C-491A-9CBE-E3F9928D0770}.Release|Any CPU.Build.0 = Release|Any CPU
		{0B889041-115C-491A-9CBE-E3F9928D0770}.Release|ARM.ActiveCfg = Release|ARM
		{0B889041-115C-491A-9CBE-E3F9928D0770}.Release|ARM.Build.0 = Release|ARM
		{0B889041-115C-491A-9CBE-E3F9928D0770}.Release|x64.ActiveCfg = Release|x64
		{0B889041-115C-491A-9CBE-E3F9928D0770}.Release|x64.Build.0 = Release|x64
		{0B889041-115C-491A-9CBE-E3F9928D0770}.Release|x86.ActiveCfg = Release|x86
		{0B889041-115C-491A-9CBE-E3F9928D0770}.Release|x86.Build.0 = Release|x86
		{569CDD35-BD96-4405-A4A3-3D3D61D16D06}.Debug|Any CPU.ActiveCfg = Debug|Any CPU
		{569CDD35-BD96-4405-A4A3-3D3D61D16D06}.Debug|Any CPU.Build.0 = Debug|Any CPU
		{569CDD35-BD96-4405-A4A3-3D3D61D16D06}.Debug|ARM.ActiveCfg = Debug|ARM
		{569CDD35-BD96-4405-A4A3-3D3D61D16D06}.Debug|ARM.Build.0 = Debug|ARM
		{569CDD35-BD96-4405-A4A3-3D3D61D16D06}.Debug|x64.ActiveCfg = Debug|x64
		{569CDD35-BD96-4405-A4A3-3D3D61D16D06}.Debug|x64.Build.0 = Debug|x64
		{569CDD35-BD96-4405-A4A3-3D3D61D16D06}.Debug|x86.ActiveCfg = Debug|x86
		{569CDD35-BD96-4405-A4A3-3D3D61D16D06}.Debug|x86.Build.0 = Debug|x86
		{569CDD35-BD96-4405-A4A3-3D3D61D16D06}.Release|Any CPU.ActiveCfg = Release|Any CPU
		{569CDD35-BD96-4405-A4A3-3D3D61D16D06}.Release|Any CPU.Build.0 = Release|Any CPU
		{569CDD35-BD96-4405-A4A3-3D3D61D16D06}.Release|ARM.ActiveCfg = Release|ARM
		{569CDD35-BD96-4405-A4A3-3D3D61D16D06}.Release|ARM.Build.0 = Release|ARM
		{569CDD35-BD96-4405-A4A3-3D3D61D16D06}.Release|x64.ActiveCfg = Release|x64
		{569CDD35-BD96-4405-A4A3-3D3D61D16D06}.Release|x64.Build.0 = Release|x64
		{569CDD35-BD96-4405-A4A3-3D3D61D16D06}.Release|x86.ActiveCfg = Release|x86
		{569CDD35-BD96-4405-A4A3-3D3D61D16D06}.Release|x86.Build.0 = Release|x86
	EndGlobalSection
	GlobalSection(SolutionProperties) = preSolution
		HideSolutionNode = FALSE
	EndGlobalSection
EndGlobal
